
Microsoft Visual Studio Solution File, Format Version 12.00
# Visual Studio Version 17
VisualStudioVersion = 17.13.35828.75 d17.13
MinimumVisualStudioVersion = 10.0.40219.1
Project("{FAE04EC0-301F-11D3-BF4B-00C04F79EFBC}") = "Lessons", "Test\Lessons.csproj", "{52DF6EF2-30C4-41AF-9872-365DCB544390}"
EndProject
Global
	GlobalSection(SolutionConfigurationPlatforms) = preSolution
		Debug|Any CPU = Debug|Any CPU
		Release|Any CPU = Release|Any CPU
	EndGlobalSection
	GlobalSection(ProjectConfigurationPlatforms) = postSolution
		{52DF6EF2-30C4-41AF-9872-365DCB544390}.Debug|Any CPU.ActiveCfg = Debug|Any CPU
		{52DF6EF2-30C4-41AF-9872-365DCB544390}.Debug|Any CPU.Build.0 = Debug|Any CPU
		{52DF6EF2-30C4-41AF-9872-365DCB544390}.Release|Any CPU.ActiveCfg = Release|Any CPU
		{52DF6EF2-30C4-41AF-9872-365DCB544390}.Release|Any CPU.Build.0 = Release|Any CPU
	EndGlobalSection
	GlobalSection(SolutionProperties) = preSolution
		HideSolutionNode = FALSE
	EndGlobalSection
	GlobalSection(ExtensibilityGlobals) = postSolution
		SolutionGuid = {F211CEE7-A9AD-452B-9444-711CFD219B8C}
	EndGlobalSection
EndGlobal
